
Microsoft Visual Studio Solution File, Format Version 12.00
# Visual Studio Version 17
VisualStudioVersion = 17.5.33530.505
MinimumVisualStudioVersion = 10.0.40219.1
Project("{FAE04EC0-301F-11D3-BF4B-00C04F79EFBC}") = "CandidatePortfolioAPI", "CandidatePortfolioAPI\CandidatePortfolioAPI.csproj", "{5CFAD9EE-620B-4AAA-B8EB-520E120DF999}"
EndProject
Project("{FAE04EC0-301F-11D3-BF4B-00C04F79EFBC}") = "CandidatePortfolioSite", "CandidatePortfolioSite\CandidatePortfolioSite.csproj", "{1073E77A-8165-4844-89D4-1E52C8D8B904}"
EndProject
Global
	GlobalSection(SolutionConfigurationPlatforms) = preSolution
		Debug|Any CPU = Debug|Any CPU
		Release|Any CPU = Release|Any CPU
	EndGlobalSection
	GlobalSection(ProjectConfigurationPlatforms) = postSolution
		{5CFAD9EE-620B-4AAA-B8EB-520E120DF999}.Debug|Any CPU.ActiveCfg = Debug|Any CPU
		{5CFAD9EE-620B-4AAA-B8EB-520E120DF999}.Debug|Any CPU.Build.0 = Debug|Any CPU
		{5CFAD9EE-620B-4AAA-B8EB-520E120DF999}.Release|Any CPU.ActiveCfg = Release|Any CPU
		{5CFAD9EE-620B-4AAA-B8EB-520E120DF999}.Release|Any CPU.Build.0 = Release|Any CPU
		{1073E77A-8165-4844-89D4-1E52C8D8B904}.Debug|Any CPU.ActiveCfg = Debug|Any CPU
		{1073E77A-8165-4844-89D4-1E52C8D8B904}.Debug|Any CPU.Build.0 = Debug|Any CPU
		{1073E77A-8165-4844-89D4-1E52C8D8B904}.Release|Any CPU.ActiveCfg = Release|Any CPU
		{1073E77A-8165-4844-89D4-1E52C8D8B904}.Release|Any CPU.Build.0 = Release|Any CPU
	EndGlobalSection
	GlobalSection(SolutionProperties) = preSolution
		HideSolutionNode = FALSE
	EndGlobalSection
	GlobalSection(ExtensibilityGlobals) = postSolution
		SolutionGuid = {C2A84F80-C839-4EE8-8948-1793F7834B3B}
	EndGlobalSection
EndGlobal
